// !$*UTF8*$!
{
	archiveVersion = 1;
	classes = {
	};
	objectVersion = 46;
	objects = {

/* Begin PBXBuildFile section */
		D006F29E1D83105C000C12A1 /* AppDelegate.swift in Sources */ = {isa = PBXBuildFile; fileRef = D006F29D1D83105C000C12A1 /* AppDelegate.swift */; };
		D006F2A31D83105C000C12A1 /* Main.storyboard in Resources */ = {isa = PBXBuildFile; fileRef = D006F2A11D83105C000C12A1 /* Main.storyboard */; };
		D006F2A51D83105C000C12A1 /* Assets.xcassets in Resources */ = {isa = PBXBuildFile; fileRef = D006F2A41D83105C000C12A1 /* Assets.xcassets */; };
		D006F2A81D83105D000C12A1 /* LaunchScreen.storyboard in Resources */ = {isa = PBXBuildFile; fileRef = D006F2A61D83105C000C12A1 /* LaunchScreen.storyboard */; };
		D006F2B01D831250000C12A1 /* Movie.swift in Sources */ = {isa = PBXBuildFile; fileRef = D006F2AF1D831250000C12A1 /* Movie.swift */; };
		D006F2B21D831258000C12A1 /* MovieController.swift in Sources */ = {isa = PBXBuildFile; fileRef = D006F2B11D831258000C12A1 /* MovieController.swift */; };
		D006F2B41D83126B000C12A1 /* NetworkController.swift in Sources */ = {isa = PBXBuildFile; fileRef = D006F2B31D83126B000C12A1 /* NetworkController.swift */; };
		D006F2B61D831274000C12A1 /* ImageController.swift in Sources */ = {isa = PBXBuildFile; fileRef = D006F2B51D831274000C12A1 /* ImageController.swift */; };
		D006F2B81D8312C2000C12A1 /* MoviesTableViewController.swift in Sources */ = {isa = PBXBuildFile; fileRef = D006F2B71D8312C2000C12A1 /* MoviesTableViewController.swift */; };
		D006F2BA1D83131A000C12A1 /* MovieCell.swift in Sources */ = {isa = PBXBuildFile; fileRef = D006F2B91D83131A000C12A1 /* MovieCell.swift */; };
/* End PBXBuildFile section */

/* Begin PBXFileReference section */
		D006F29A1D83105C000C12A1 /* MovieSearch.app */ = {isa = PBXFileReference; explicitFileType = wrapper.application; includeInIndex = 0; path = MovieSearch.app; sourceTree = BUILT_PRODUCTS_DIR; };
		D006F29D1D83105C000C12A1 /* AppDelegate.swift */ = {isa = PBXFileReference; lastKnownFileType = sourcecode.swift; path = AppDelegate.swift; sourceTree = "<group>"; };
		D006F2A21D83105C000C12A1 /* Base */ = {isa = PBXFileReference; lastKnownFileType = file.storyboard; name = Base; path = Base.lproj/Main.storyboard; sourceTree = "<group>"; };
		D006F2A41D83105C000C12A1 /* Assets.xcassets */ = {isa = PBXFileReference; lastKnownFileType = folder.assetcatalog; path = Assets.xcassets; sourceTree = "<group>"; };
		D006F2A71D83105D000C12A1 /* Base */ = {isa = PBXFileReference; lastKnownFileType = file.storyboard; name = Base; path = Base.lproj/LaunchScreen.storyboard; sourceTree = "<group>"; };
		D006F2A91D83105D000C12A1 /* Info.plist */ = {isa = PBXFileReference; lastKnownFileType = text.plist.xml; path = Info.plist; sourceTree = "<group>"; };
		D006F2AF1D831250000C12A1 /* Movie.swift */ = {isa = PBXFileReference; fileEncoding = 4; lastKnownFileType = sourcecode.swift; path = Movie.swift; sourceTree = "<group>"; };
		D006F2B11D831258000C12A1 /* MovieController.swift */ = {isa = PBXFileReference; fileEncoding = 4; lastKnownFileType = sourcecode.swift; path = MovieController.swift; sourceTree = "<group>"; };
		D006F2B31D83126B000C12A1 /* NetworkController.swift */ = {isa = PBXFileReference; fileEncoding = 4; lastKnownFileType = sourcecode.swift; path = NetworkController.swift; sourceTree = "<group>"; };
		D006F2B51D831274000C12A1 /* ImageController.swift */ = {isa = PBXFileReference; fileEncoding = 4; lastKnownFileType = sourcecode.swift; path = ImageController.swift; sourceTree = "<group>"; };
		D006F2B71D8312C2000C12A1 /* MoviesTableViewController.swift */ = {isa = PBXFileReference; fileEncoding = 4; lastKnownFileType = sourcecode.swift; path = MoviesTableViewController.swift; sourceTree = "<group>"; };
		D006F2B91D83131A000C12A1 /* MovieCell.swift */ = {isa = PBXFileReference; fileEncoding = 4; lastKnownFileType = sourcecode.swift; path = MovieCell.swift; sourceTree = "<group>"; };
/* End PBXFileReference section */

/* Begin PBXFrameworksBuildPhase section */
		D006F2971D83105C000C12A1 /* Frameworks */ = {
			isa = PBXFrameworksBuildPhase;
			buildActionMask = 2147483647;
			files = (
			);
			runOnlyForDeploymentPostprocessing = 0;
		};
/* End PBXFrameworksBuildPhase section */

/* Begin PBXGroup section */
		D006F2911D83105C000C12A1 = {
			isa = PBXGroup;
			children = (
				D006F29C1D83105C000C12A1 /* MovieSearch */,
				D006F29B1D83105C000C12A1 /* Products */,
			);
			sourceTree = "<group>";
		};
		D006F29B1D83105C000C12A1 /* Products */ = {
			isa = PBXGroup;
			children = (
				D006F29A1D83105C000C12A1 /* MovieSearch.app */,
			);
			name = Products;
			sourceTree = "<group>";
		};
		D006F29C1D83105C000C12A1 /* MovieSearch */ = {
			isa = PBXGroup;
			children = (
				D006F2BB1D83131F000C12A1 /* ViewControllers */,
				D006F2A11D83105C000C12A1 /* Main.storyboard */,
				D006F2BE1D831379000C12A1 /* Models */,
				D006F2BD1D831370000C12A1 /* Model Controllers */,
				D006F2BC1D831348000C12A1 /* Utilitity */,
			);
			path = MovieSearch;
			sourceTree = "<group>";
		};
		D006F2BB1D83131F000C12A1 /* ViewControllers */ = {
			isa = PBXGroup;
			children = (
				D006F2B71D8312C2000C12A1 /* MoviesTableViewController.swift */,
				D006F2B91D83131A000C12A1 /* MovieCell.swift */,
			);
			name = ViewControllers;
			sourceTree = "<group>";
		};
		D006F2BC1D831348000C12A1 /* Utilitity */ = {
			isa = PBXGroup;
			children = (
				D006F2A41D83105C000C12A1 /* Assets.xcassets */,
				D006F29D1D83105C000C12A1 /* AppDelegate.swift */,
				D006F2A61D83105C000C12A1 /* LaunchScreen.storyboard */,
				D006F2A91D83105D000C12A1 /* Info.plist */,
			);
			name = Utilitity;
			sourceTree = "<group>";
		};
		D006F2BD1D831370000C12A1 /* Model Controllers */ = {
			isa = PBXGroup;
			children = (
				D006F2B11D831258000C12A1 /* MovieController.swift */,
				D006F2B31D83126B000C12A1 /* NetworkController.swift */,
				D006F2B51D831274000C12A1 /* ImageController.swift */,
			);
			name = "Model Controllers";
			sourceTree = "<group>";
		};
		D006F2BE1D831379000C12A1 /* Models */ = {
			isa = PBXGroup;
			children = (
				D006F2AF1D831250000C12A1 /* Movie.swift */,
			);
			name = Models;
			sourceTree = "<group>";
		};
/* End PBXGroup section */

/* Begin PBXNativeTarget section */
		D006F2991D83105C000C12A1 /* MovieSearch */ = {
			isa = PBXNativeTarget;
			buildConfigurationList = D006F2AC1D83105D000C12A1 /* Build configuration list for PBXNativeTarget "MovieSearch" */;
			buildPhases = (
				D006F2961D83105C000C12A1 /* Sources */,
				D006F2971D83105C000C12A1 /* Frameworks */,
				D006F2981D83105C000C12A1 /* Resources */,
			);
			buildRules = (
			);
			dependencies = (
			);
			name = MovieSearch;
			productName = MovieSearch;
			productReference = D006F29A1D83105C000C12A1 /* MovieSearch.app */;
			productType = "com.apple.product-type.application";
		};
/* End PBXNativeTarget section */

/* Begin PBXProject section */
		D006F2921D83105C000C12A1 /* Project object */ = {
			isa = PBXProject;
			attributes = {
				LastSwiftUpdateCheck = 0730;
				LastUpgradeCheck = 0730;
				ORGANIZATIONNAME = "Justin Carver";
				TargetAttributes = {
					D006F2991D83105C000C12A1 = {
						CreatedOnToolsVersion = 7.3.1;
						DevelopmentTeam = CWLLFTCWHP;
					};
				};
			};
			buildConfigurationList = D006F2951D83105C000C12A1 /* Build configuration list for PBXProject "MovieSearch" */;
			compatibilityVersion = "Xcode 3.2";
			developmentRegion = English;
			hasScannedForEncodings = 0;
			knownRegions = (
				en,
				Base,
			);
			mainGroup = D006F2911D83105C000C12A1;
			productRefGroup = D006F29B1D83105C000C12A1 /* Products */;
			projectDirPath = "";
			projectRoot = "";
			targets = (
				D006F2991D83105C000C12A1 /* MovieSearch */,
			);
		};
/* End PBXProject section */

/* Begin PBXResourcesBuildPhase section */
		D006F2981D83105C000C12A1 /* Resources */ = {
			isa = PBXResourcesBuildPhase;
			buildActionMask = 2147483647;
			files = (
				D006F2A81D83105D000C12A1 /* LaunchScreen.storyboard in Resources */,
				D006F2A51D83105C000C12A1 /* Assets.xcassets in Resources */,
				D006F2A31D83105C000C12A1 /* Main.storyboard in Resources */,
			);
			runOnlyForDeploymentPostprocessing = 0;
		};
/* End PBXResourcesBuildPhase section */

/* Begin PBXSourcesBuildPhase section */
		D006F2961D83105C000C12A1 /* Sources */ = {
			isa = PBXSourcesBuildPhase;
			buildActionMask = 2147483647;
			files = (
				D006F2BA1D83131A000C12A1 /* MovieCell.swift in Sources */,
				D006F2B81D8312C2000C12A1 /* MoviesTableViewController.swift in Sources */,
				D006F2B61D831274000C12A1 /* ImageController.swift in Sources */,
				D006F2B41D83126B000C12A1 /* NetworkController.swift in Sources */,
				D006F2B21D831258000C12A1 /* MovieController.swift in Sources */,
				D006F2B01D831250000C12A1 /* Movie.swift in Sources */,
				D006F29E1D83105C000C12A1 /* AppDelegate.swift in Sources */,
			);
			runOnlyForDeploymentPostprocessing = 0;
		};
/* End PBXSourcesBuildPhase section */

/* Begin PBXVariantGroup section */
		D006F2A11D83105C000C12A1 /* Main.storyboard */ = {
			isa = PBXVariantGroup;
			children = (
				D006F2A21D83105C000C12A1 /* Base */,
			);
			name = Main.storyboard;
			sourceTree = "<group>";
		};
		D006F2A61D83105C000C12A1 /* LaunchScreen.storyboard */ = {
			isa = PBXVariantGroup;
			children = (
				D006F2A71D83105D000C12A1 /* Base */,
			);
			name = LaunchScreen.storyboard;
			sourceTree = "<group>";
		};
/* End PBXVariantGroup section */

/* Begin XCBuildConfiguration section */
		D006F2AA1D83105D000C12A1 /* Debug */ = {
			isa = XCBuildConfiguration;
			buildSettings = {
				ALWAYS_SEARCH_USER_PATHS = NO;
				CLANG_ANALYZER_NONNULL = YES;
				CLANG_CXX_LANGUAGE_STANDARD = "gnu++0x";
				CLANG_CXX_LIBRARY = "libc++";
				CLANG_ENABLE_MODULES = YES;
				CLANG_ENABLE_OBJC_ARC = YES;
				CLANG_WARN_BOOL_CONVERSION = YES;
				CLANG_WARN_CONSTANT_CONVERSION = YES;
				CLANG_WARN_DIRECT_OBJC_ISA_USAGE = YES_ERROR;
				CLANG_WARN_EMPTY_BODY = YES;
				CLANG_WARN_ENUM_CONVERSION = YES;
				CLANG_WARN_INT_CONVERSION = YES;
				CLANG_WARN_OBJC_ROOT_CLASS = YES_ERROR;
				CLANG_WARN_UNREACHABLE_CODE = YES;
				CLANG_WARN__DUPLICATE_METHOD_MATCH = YES;
				"CODE_SIGN_IDENTITY[sdk=iphoneos*]" = "iPhone Developer";
				COPY_PHASE_STRIP = NO;
				DEBUG_INFORMATION_FORMAT = dwarf;
				ENABLE_STRICT_OBJC_MSGSEND = YES;
				ENABLE_TESTABILITY = YES;
				GCC_C_LANGUAGE_STANDARD = gnu99;
				GCC_DYNAMIC_NO_PIC = NO;
				GCC_NO_COMMON_BLOCKS = YES;
				GCC_OPTIMIZATION_LEVEL = 0;
				GCC_PREPROCESSOR_DEFINITIONS = (
					"DEBUG=1",
					"$(inherited)",
				);
				GCC_WARN_64_TO_32_BIT_CONVERSION = YES;
				GCC_WARN_ABOUT_RETURN_TYPE = YES_ERROR;
				GCC_WARN_UNDECLARED_SELECTOR = YES;
				GCC_WARN_UNINITIALIZED_AUTOS = YES_AGGRESSIVE;
				GCC_WARN_UNUSED_FUNCTION = YES;
				GCC_WARN_UNUSED_VARIABLE = YES;
				IPHONEOS_DEPLOYMENT_TARGET = 9.3;
				MTL_ENABLE_DEBUG_INFO = YES;
				ONLY_ACTIVE_ARCH = YES;
				SDKROOT = iphoneos;
				SWIFT_OPTIMIZATION_LEVEL = "-Onone";
				TARGETED_DEVICE_FAMILY = "1,2";
			};
			name = Debug;
		};
		D006F2AB1D83105D000C12A1 /* Release */ = {
			isa = XCBuildConfiguration;
			buildSettings = {
				ALWAYS_SEARCH_USER_PATHS = NO;
				CLANG_ANALYZER_NONNULL = YES;
				CLANG_CXX_LANGUAGE_STANDARD = "gnu++0x";
				CLANG_CXX_LIBRARY = "libc++";
				CLANG_ENABLE_MODULES = YES;
				CLANG_ENABLE_OBJC_ARC = YES;
				CLANG_WARN_BOOL_CONVERSION = YES;
				CLANG_WARN_CONSTANT_CONVERSION = YES;
				CLANG_WARN_DIRECT_OBJC_ISA_USAGE = YES_ERROR;
				CLANG_WARN_EMPTY_BODY = YES;
				CLANG_WARN_ENUM_CONVERSION = YES;
				CLANG_WARN_INT_CONVERSION = YES;
				CLANG_WARN_OBJC_ROOT_CLASS = YES_ERROR;
				CLANG_WARN_UNREACHABLE_CODE = YES;
				CLANG_WARN__DUPLICATE_METHOD_MATCH = YES;
				"CODE_SIGN_IDENTITY[sdk=iphoneos*]" = "iPhone Developer";
				COPY_PHASE_STRIP = NO;
				DEBUG_INFORMATION_FORMAT = "dwarf-with-dsym";
				ENABLE_NS_ASSERTIONS = NO;
				ENABLE_STRICT_OBJC_MSGSEND = YES;
				GCC_C_LANGUAGE_STANDARD = gnu99;
				GCC_NO_COMMON_BLOCKS = YES;
				GCC_WARN_64_TO_32_BIT_CONVERSION = YES;
				GCC_WARN_ABOUT_RETURN_TYPE = YES_ERROR;
				GCC_WARN_UNDECLARED_SELECTOR = YES;
				GCC_WARN_UNINITIALIZED_AUTOS = YES_AGGRESSIVE;
				GCC_WARN_UNUSED_FUNCTION = YES;
				GCC_WARN_UNUSED_VARIABLE = YES;
				IPHONEOS_DEPLOYMENT_TARGET = 9.3;
				MTL_ENABLE_DEBUG_INFO = NO;
				SDKROOT = iphoneos;
				TARGETED_DEVICE_FAMILY = "1,2";
				VALIDATE_PRODUCT = YES;
			};
			name = Release;
		};
		D006F2AD1D83105D000C12A1 /* Debug */ = {
			isa = XCBuildConfiguration;
			buildSettings = {
				ASSETCATALOG_COMPILER_APPICON_NAME = AppIcon;
				INFOPLIST_FILE = MovieSearch/Info.plist;
				LD_RUNPATH_SEARCH_PATHS = "$(inherited) @executable_path/Frameworks";
				PRODUCT_BUNDLE_IDENTIFIER = com.JustinCarver.MovieSearch;
				PRODUCT_NAME = "$(TARGET_NAME)";
			};
			name = Debug;
		};
		D006F2AE1D83105D000C12A1 /* Release */ = {
			isa = XCBuildConfiguration;
			buildSettings = {
				ASSETCATALOG_COMPILER_APPICON_NAME = AppIcon;
				INFOPLIST_FILE = MovieSearch/Info.plist;
				LD_RUNPATH_SEARCH_PATHS = "$(inherited) @executable_path/Frameworks";
				PRODUCT_BUNDLE_IDENTIFIER = com.JustinCarver.MovieSearch;
				PRODUCT_NAME = "$(TARGET_NAME)";
			};
			name = Release;
		};
/* End XCBuildConfiguration section */

/* Begin XCConfigurationList section */
		D006F2951D83105C000C12A1 /* Build configuration list for PBXProject "MovieSearch" */ = {
			isa = XCConfigurationList;
			buildConfigurations = (
				D006F2AA1D83105D000C12A1 /* Debug */,
				D006F2AB1D83105D000C12A1 /* Release */,
			);
			defaultConfigurationIsVisible = 0;
			defaultConfigurationName = Release;
		};
		D006F2AC1D83105D000C12A1 /* Build configuration list for PBXNativeTarget "MovieSearch" */ = {
			isa = XCConfigurationList;
			buildConfigurations = (
				D006F2AD1D83105D000C12A1 /* Debug */,
				D006F2AE1D83105D000C12A1 /* Release */,
			);
			defaultConfigurationIsVisible = 0;
		};
/* End XCConfigurationList section */
	};
	rootObject = D006F2921D83105C000C12A1 /* Project object */;
}
